<?xml version="1.0" encoding="utf-8"?>
<Project ToolsVersion="Current" xmlns="http://schemas.microsoft.com/developer/msbuild/2003">
  <ItemGroup>
    <Filter Include="ヘッダファイル">
      <UniqueIdentifier>{16363959-4de6-4def-9cea-371fe14cf38d}</UniqueIdentifier>
    </Filter>
    <Filter Include="ソースファイル">
      <UniqueIdentifier>{1f302c48-4780-4e8a-8da3-dd7870ec1388}</UniqueIdentifier>
    </Filter>
  </ItemGroup>
  <ItemGroup>
    <ClCompile Include="winmain.cpp">
      <Filter>ソースファイル</Filter>
    </ClCompile>
    <ClCompile Include="en.cpp">
      <Filter>ソースファイル</Filter>
    </ClCompile>
    <ClCompile Include="enemy.cpp">
      <Filter>ソースファイル</Filter>
    </ClCompile>
    <ClCompile Include="player.cpp">
      <Filter>ソースファイル</Filter>
    </ClCompile>
    <ClCompile Include="shot.cpp">
      <Filter>ソースファイル</Filter>
    </ClCompile>
    <ClCompile Include="game.cpp">
      <Filter>ソースファイル</Filter>
    </ClCompile>
  </ItemGroup>
  <ItemGroup>
    <ClInclude Include="player.h">
      <Filter>ヘッダファイル</Filter>
    </ClInclude>
    <ClInclude Include="en.h">
      <Filter>ヘッダファイル</Filter>
    </ClInclude>
    <ClInclude Include="enemy.h">
      <Filter>ヘッダファイル</Filter>
    </ClInclude>
    <ClInclude Include="shot.h">
      <Filter>ヘッダファイル</Filter>
    </ClInclude>
    <ClInclude Include="game.h">
      <Filter>ヘッダファイル</Filter>
    </ClInclude>
  </ItemGroup>
</Project>